{
  "lockfileVersion": 1,
  "workspaces": {
    "": {
      "devDependencies": {
        "@rsbuild/plugin-sass": "^1.3.1",
      },
    },
  },
  "packages": {
    "@bufbuild/protobuf": ["@bufbuild/protobuf@2.2.5", "https://repo.huaweicloud.com/repository/npm/@bufbuild/protobuf/-/protobuf-2.2.5.tgz", {}, "sha512-/g5EzJifw5GF8aren8wZ/G5oMuPoGeS6MQD3ca8ddcvdXR5UELUfdTZITCGNhNXynY/AYl3Z4plmxdj/tRl/hQ=="],

    "@module-federation/error-codes": ["@module-federation/error-codes@0.11.1", "https://repo.huaweicloud.com/repository/npm/@module-federation/error-codes/-/error-codes-0.11.1.tgz", {}, "sha512-N1cs1qwrO8cU/OzfnBbr+3FaVbrJk6QEAsQ8H+YxGRrh/kHsR2BKpZCX79jTG27oDbz45FLjQ98YucMMXC24EA=="],

    "@module-federation/runtime": ["@module-federation/runtime@0.11.1", "https://repo.huaweicloud.com/repository/npm/@module-federation/runtime/-/runtime-0.11.1.tgz", { "dependencies": { "@module-federation/error-codes": "0.11.1", "@module-federation/runtime-core": "0.11.1", "@module-federation/sdk": "0.11.1" } }, "sha512-yxxa/TRXaNggb34N+oL82J7r9+GZ3gYTCDyGibYqtsC5j7+9oB4tmc0UyhjrGMhg+fF8TAWFZjNKo7ZnyN9LcQ=="],

    "@module-federation/runtime-core": ["@module-federation/runtime-core@0.11.1", "https://repo.huaweicloud.com/repository/npm/@module-federation/runtime-core/-/runtime-core-0.11.1.tgz", { "dependencies": { "@module-federation/error-codes": "0.11.1", "@module-federation/sdk": "0.11.1" } }, "sha512-6KxLfkCl05Ey69Xg/dsjf7fPit9qGXZ0lpwaG2agiCqC3JCDxYjT7tgGvnWhTXCcztb/ThpT+bHrRD4Kw8SMhA=="],

    "@module-federation/runtime-tools": ["@module-federation/runtime-tools@0.11.1", "https://repo.huaweicloud.com/repository/npm/@module-federation/runtime-tools/-/runtime-tools-0.11.1.tgz", { "dependencies": { "@module-federation/runtime": "0.11.1", "@module-federation/webpack-bundler-runtime": "0.11.1" } }, "sha512-8UqMbHJSdkEvKlnlXpR/OjMA77bUbhtmv0I4UO+PA1zBga4y3/St6NOjD66NTINKeWEgsCt1aepXHspduXp33w=="],

    "@module-federation/sdk": ["@module-federation/sdk@0.11.1", "https://repo.huaweicloud.com/repository/npm/@module-federation/sdk/-/sdk-0.11.1.tgz", {}, "sha512-QS6zevdQYLCGF6NFf0LysMGARh+dZxMeoRKKDUW5PYi3XOk+tjJ7QsDKybfcBZBNgBJfIuwxh4Oei6WOFJEfRg=="],

    "@module-federation/webpack-bundler-runtime": ["@module-federation/webpack-bundler-runtime@0.11.1", "https://repo.huaweicloud.com/repository/npm/@module-federation/webpack-bundler-runtime/-/webpack-bundler-runtime-0.11.1.tgz", { "dependencies": { "@module-federation/runtime": "0.11.1", "@module-federation/sdk": "0.11.1" } }, "sha512-XlVegGyCBBLId8Jr6USjPOFYViQ0CCtoYjHpC8y1FOGtuXLGrvnEdFcl4XHlFlp3MY3Rxhr8QigrdZhYe5bRWg=="],

    "@rsbuild/core": ["@rsbuild/core@1.3.0", "https://repo.huaweicloud.com/repository/npm/@rsbuild/core/-/core-1.3.0.tgz", { "dependencies": { "@rspack/core": "1.3.0", "@rspack/lite-tapable": "~1.0.1", "@swc/helpers": "^0.5.15", "core-js": "~3.41.0", "jiti": "^2.4.2" }, "bin": { "rsbuild": "bin/rsbuild.js" } }, "sha512-+b+qJ0lOHji6JYSsmtiz/u/KasaD5AmGHahtgWDhNQ4dqCl2lqyn9hta2FeK7ic0Gb3RDItMpOpHreC4+WJ8xA=="],

    "@rsbuild/plugin-sass": ["@rsbuild/plugin-sass@1.3.1", "https://repo.huaweicloud.com/repository/npm/@rsbuild/plugin-sass/-/plugin-sass-1.3.1.tgz", { "dependencies": { "deepmerge": "^4.3.1", "loader-utils": "^2.0.4", "postcss": "^8.5.3", "reduce-configs": "^1.1.0", "sass-embedded": "^1.86.0" }, "peerDependencies": { "@rsbuild/core": "1.x" } }, "sha512-hyqsMyI/XPntdL3xRRC25SIkWUWA9I7gVG46K9a8+xJVLJfLp8rHR1sKtc8JYOSPBIXcYwtzHIA9ib1gS2kRUQ=="],

    "@rspack/binding": ["@rspack/binding@1.3.0", "https://repo.huaweicloud.com/repository/npm/@rspack/binding/-/binding-1.3.0.tgz", { "optionalDependencies": { "@rspack/binding-darwin-arm64": "1.3.0", "@rspack/binding-darwin-x64": "1.3.0", "@rspack/binding-linux-arm64-gnu": "1.3.0", "@rspack/binding-linux-arm64-musl": "1.3.0", "@rspack/binding-linux-x64-gnu": "1.3.0", "@rspack/binding-linux-x64-musl": "1.3.0", "@rspack/binding-win32-arm64-msvc": "1.3.0", "@rspack/binding-win32-ia32-msvc": "1.3.0", "@rspack/binding-win32-x64-msvc": "1.3.0" } }, "sha512-MqXxbU5ei/xem+Ier48x0/IfJSpfBVbmB/FlziM59wF+mP8DYsMskr7sapN5YfeBhcfelKOtr9hERXRv/p1k2Q=="],

    "@rspack/binding-darwin-arm64": ["@rspack/binding-darwin-arm64@1.3.0", "https://repo.huaweicloud.com/repository/npm/@rspack/binding-darwin-arm64/-/binding-darwin-arm64-1.3.0.tgz", { "os": "darwin", "cpu": "arm64" }, "sha512-AexGJ+PBTIURvXzMG/aQILTCB+D5HocmwWLw5jNq1DFVpgb7GX+3ZW3s2MBa8K+3JNeNgRiGcHyYcSV0l1dIfQ=="],

    "@rspack/binding-darwin-x64": ["@rspack/binding-darwin-x64@1.3.0", "https://repo.huaweicloud.com/repository/npm/@rspack/binding-darwin-x64/-/binding-darwin-x64-1.3.0.tgz", { "os": "darwin", "cpu": "x64" }, "sha512-LPzsI2VVwhn9Y88BOE4a0lICH4Jp3zLpNzJjDwMeDANJJ6MLmGbEBAxxRxo0adPG2sWhW7/RKU+ISVhu09aZtw=="],

    "@rspack/binding-linux-arm64-gnu": ["@rspack/binding-linux-arm64-gnu@1.3.0", "https://repo.huaweicloud.com/repository/npm/@rspack/binding-linux-arm64-gnu/-/binding-linux-arm64-gnu-1.3.0.tgz", { "os": "linux", "cpu": "arm64" }, "sha512-acj5ikpIvkjy1sEV818RL+tK+EYvj1/g0jBqfttuCdczMMDzb1ciGEOHIuqONCMNdoCpieYnGt65rRwSS7NVHQ=="],

    "@rspack/binding-linux-arm64-musl": ["@rspack/binding-linux-arm64-musl@1.3.0", "https://repo.huaweicloud.com/repository/npm/@rspack/binding-linux-arm64-musl/-/binding-linux-arm64-musl-1.3.0.tgz", { "os": "linux", "cpu": "arm64" }, "sha512-8BVoZTmxreQXSoSfUObydaVjVxYUReTZMpdmLTaewBs2KaoZEC8RvddLbEupiLie23Wwz02WDAiSUG1+zuCi5Q=="],

    "@rspack/binding-linux-x64-gnu": ["@rspack/binding-linux-x64-gnu@1.3.0", "https://repo.huaweicloud.com/repository/npm/@rspack/binding-linux-x64-gnu/-/binding-linux-x64-gnu-1.3.0.tgz", { "os": "linux", "cpu": "x64" }, "sha512-8QC553EczUmeVtr5Dqc+TocStYoKHbT6CFRb52sqaLOhka6r/zgchvKYmji+51gohfD5f0gtqjkb2pLWGPHE7w=="],

    "@rspack/binding-linux-x64-musl": ["@rspack/binding-linux-x64-musl@1.3.0", "https://repo.huaweicloud.com/repository/npm/@rspack/binding-linux-x64-musl/-/binding-linux-x64-musl-1.3.0.tgz", { "os": "linux", "cpu": "x64" }, "sha512-Zi4vUONm94iN5oO6k8yc7a7AP4H24qesG8J4wNnByZIcSuhFeXhQbkEF+45BY/Kw4HB5K2gU/Oqd+kVlRwqIuQ=="],

    "@rspack/binding-win32-arm64-msvc": ["@rspack/binding-win32-arm64-msvc@1.3.0", "https://repo.huaweicloud.com/repository/npm/@rspack/binding-win32-arm64-msvc/-/binding-win32-arm64-msvc-1.3.0.tgz", { "os": "win32", "cpu": "arm64" }, "sha512-H6Q3WgLxkHFxxdasQ1MtlbWesyLGT+lr6gMW7Hc3nIl5QOJEcLvwF8OBOR8Di092uvDOyIRSwkUtnkI/tQV8UA=="],

    "@rspack/binding-win32-ia32-msvc": ["@rspack/binding-win32-ia32-msvc@1.3.0", "https://repo.huaweicloud.com/repository/npm/@rspack/binding-win32-ia32-msvc/-/binding-win32-ia32-msvc-1.3.0.tgz", { "os": "win32", "cpu": "ia32" }, "sha512-oQEtxVylcKLNFPlzegPkyuBwXg8bKMD4FGrUOwE7Tp/NtI42uhD9kIY+W/U4tLFhIz1bGApdYRdJH71Kl+jBpw=="],

    "@rspack/binding-win32-x64-msvc": ["@rspack/binding-win32-x64-msvc@1.3.0", "https://repo.huaweicloud.com/repository/npm/@rspack/binding-win32-x64-msvc/-/binding-win32-x64-msvc-1.3.0.tgz", { "os": "win32", "cpu": "x64" }, "sha512-vND1d0sAbEfYjkW2H9eOfgO49dYFPTbkN4M7va+SSOI+Gqa4zMqHNg1kcoC5jWEvek6RFSheD1100RiJliLPBg=="],

    "@rspack/core": ["@rspack/core@1.3.0", "https://repo.huaweicloud.com/repository/npm/@rspack/core/-/core-1.3.0.tgz", { "dependencies": { "@module-federation/runtime-tools": "0.11.1", "@rspack/binding": "1.3.0", "@rspack/lite-tapable": "1.0.1", "caniuse-lite": "^1.0.30001706" }, "peerDependencies": { "@rspack/tracing": "^1.x", "@swc/helpers": ">=0.5.1" }, "optionalPeers": ["@rspack/tracing", "@swc/helpers"] }, "sha512-7WZdw8EaEy/TlySn46Xgg9qMPoZBA4uTQR+nxgomAA0u9s/31VYFDpPsLIc/uT8OGemGU2kydgAgu9A6Gyp0GQ=="],

    "@rspack/lite-tapable": ["@rspack/lite-tapable@1.0.1", "https://repo.huaweicloud.com/repository/npm/@rspack/lite-tapable/-/lite-tapable-1.0.1.tgz", {}, "sha512-VynGOEsVw2s8TAlLf/uESfrgfrq2+rcXB1muPJYBWbsm1Oa6r5qVQhjA5ggM6z/coYPrsVMgovl3Ff7Q7OCp1w=="],

    "@swc/helpers": ["@swc/helpers@0.5.15", "https://repo.huaweicloud.com/repository/npm/@swc/helpers/-/helpers-0.5.15.tgz", { "dependencies": { "tslib": "^2.8.0" } }, "sha512-JQ5TuMi45Owi4/BIMAJBoSQoOJu12oOk/gADqlcUL9JEdHB8vyjUSsxqeNXnmXHjYKMi2WcYtezGEEhqUI/E2g=="],

    "big.js": ["big.js@5.2.2", "https://repo.huaweicloud.com/repository/npm/big.js/-/big.js-5.2.2.tgz", {}, "sha512-vyL2OymJxmarO8gxMr0mhChsO9QGwhynfuu4+MHTAW6czfq9humCB7rKpUjDd9YUiDPU4mzpyupFSvOClAwbmQ=="],

    "buffer-builder": ["buffer-builder@0.2.0", "https://repo.huaweicloud.com/repository/npm/buffer-builder/-/buffer-builder-0.2.0.tgz", {}, "sha512-7VPMEPuYznPSoR21NE1zvd2Xna6c/CloiZCfcMXR1Jny6PjX0N4Nsa38zcBFo/FMK+BlA+FLKbJCQ0i2yxp+Xg=="],

    "caniuse-lite": ["caniuse-lite@1.0.30001707", "https://repo.huaweicloud.com/repository/npm/caniuse-lite/-/caniuse-lite-1.0.30001707.tgz", {}, "sha512-3qtRjw/HQSMlDWf+X79N206fepf4SOOU6SQLMaq/0KkZLmSjPxAkBOQQ+FxbHKfHmYLZFfdWsO3KA90ceHPSnw=="],

    "colorjs.io": ["colorjs.io@0.5.2", "https://repo.huaweicloud.com/repository/npm/colorjs.io/-/colorjs.io-0.5.2.tgz", {}, "sha512-twmVoizEW7ylZSN32OgKdXRmo1qg+wT5/6C3xu5b9QsWzSFAhHLn2xd8ro0diCsKfCj1RdaTP/nrcW+vAoQPIw=="],

    "core-js": ["core-js@3.41.0", "https://repo.huaweicloud.com/repository/npm/core-js/-/core-js-3.41.0.tgz", {}, "sha512-SJ4/EHwS36QMJd6h/Rg+GyR4A5xE0FSI3eZ+iBVpfqf1x0eTSg1smWLHrA+2jQThZSh97fmSgFSU8B61nxosxA=="],

    "deepmerge": ["deepmerge@4.3.1", "https://repo.huaweicloud.com/repository/npm/deepmerge/-/deepmerge-4.3.1.tgz", {}, "sha512-3sUqbMEc77XqpdNO7FRyRog+eW3ph+GYCbj+rK+uYyRMuwsVy0rMiVtPn+QJlKFvWP/1PYpapqYn0Me2knFn+A=="],

    "emojis-list": ["emojis-list@3.0.0", "https://repo.huaweicloud.com/repository/npm/emojis-list/-/emojis-list-3.0.0.tgz", {}, "sha512-/kyM18EfinwXZbno9FyUGeFh87KC8HRQBQGildHZbEuRyWFOmv1U10o9BBp8XVZDVNNuQKyIGIu5ZYAAXJ0V2Q=="],

    "has-flag": ["has-flag@4.0.0", "https://repo.huaweicloud.com/repository/npm/has-flag/-/has-flag-4.0.0.tgz", {}, "sha512-EykJT/Q1KjTWctppgIAgfSO0tKVuZUjhgMr17kqTumMl6Afv3EISleU7qZUzoXDFTAHTDC4NOoG/ZxU3EvlMPQ=="],

    "immutable": ["immutable@5.1.1", "https://repo.huaweicloud.com/repository/npm/immutable/-/immutable-5.1.1.tgz", {}, "sha512-3jatXi9ObIsPGr3N5hGw/vWWcTkq6hUYhpQz4k0wLC+owqWi/LiugIw9x0EdNZ2yGedKN/HzePiBvaJRXa0Ujg=="],

    "jiti": ["jiti@2.4.2", "https://repo.huaweicloud.com/repository/npm/jiti/-/jiti-2.4.2.tgz", { "bin": { "jiti": "lib/jiti-cli.mjs" } }, "sha512-rg9zJN+G4n2nfJl5MW3BMygZX56zKPNVEYYqq7adpmMh4Jn2QNEwhvQlFy6jPVdcod7txZtKHWnyZiA3a0zP7A=="],

    "json5": ["json5@2.2.3", "https://repo.huaweicloud.com/repository/npm/json5/-/json5-2.2.3.tgz", { "bin": { "json5": "lib/cli.js" } }, "sha512-XmOWe7eyHYH14cLdVPoyg+GOH3rYX++KpzrylJwSW98t3Nk+U8XOl8FWKOgwtzdb8lXGf6zYwDUzeHMWfxasyg=="],

    "loader-utils": ["loader-utils@2.0.4", "https://repo.huaweicloud.com/repository/npm/loader-utils/-/loader-utils-2.0.4.tgz", { "dependencies": { "big.js": "^5.2.2", "emojis-list": "^3.0.0", "json5": "^2.1.2" } }, "sha512-xXqpXoINfFhgua9xiqD8fPFHgkoq1mmmpE92WlDbm9rNRd/EbRb+Gqf908T2DMfuHjjJlksiK2RbHVOdD/MqSw=="],

    "nanoid": ["nanoid@3.3.11", "https://repo.huaweicloud.com/repository/npm/nanoid/-/nanoid-3.3.11.tgz", { "bin": { "nanoid": "bin/nanoid.cjs" } }, "sha512-N8SpfPUnUp1bK+PMYW8qSWdl9U+wwNWI4QKxOYDy9JAro3WMX7p2OeVRF9v+347pnakNevPmiHhNmZ2HbFA76w=="],

    "picocolors": ["picocolors@1.1.1", "https://repo.huaweicloud.com/repository/npm/picocolors/-/picocolors-1.1.1.tgz", {}, "sha512-xceH2snhtb5M9liqDsmEw56le376mTZkEX/jEb/RxNFyegNul7eNslCXP9FDj/Lcu0X8KEyMceP2ntpaHrDEVA=="],

    "postcss": ["postcss@8.5.3", "https://repo.huaweicloud.com/repository/npm/postcss/-/postcss-8.5.3.tgz", { "dependencies": { "nanoid": "^3.3.8", "picocolors": "^1.1.1", "source-map-js": "^1.2.1" } }, "sha512-dle9A3yYxlBSrt8Fu+IpjGT8SY8hN0mlaA6GY8t0P5PjIOZemULz/E2Bnm/2dcUOena75OTNkHI76uZBNUUq3A=="],

    "reduce-configs": ["reduce-configs@1.1.0", "https://repo.huaweicloud.com/repository/npm/reduce-configs/-/reduce-configs-1.1.0.tgz", {}, "sha512-DQxy6liNadHfrLahZR7lMdc227NYVaQZhY5FMsxLEjX8X0SCuH+ESHSLCoz2yDZFq1/CLMDOAHdsEHwOEXKtvg=="],

    "rxjs": ["rxjs@7.8.2", "https://repo.huaweicloud.com/repository/npm/rxjs/-/rxjs-7.8.2.tgz", { "dependencies": { "tslib": "^2.1.0" } }, "sha512-dhKf903U/PQZY6boNNtAGdWbG85WAbjT/1xYoZIC7FAY0yWapOBQVsVrDl58W86//e1VpMNBtRV4MaXfdMySFA=="],

    "sass-embedded": ["sass-embedded@1.86.0", "https://repo.huaweicloud.com/repository/npm/sass-embedded/-/sass-embedded-1.86.0.tgz", { "dependencies": { "@bufbuild/protobuf": "^2.0.0", "buffer-builder": "^0.2.0", "colorjs.io": "^0.5.0", "immutable": "^5.0.2", "rxjs": "^7.4.0", "supports-color": "^8.1.1", "sync-child-process": "^1.0.2", "varint": "^6.0.0" }, "optionalDependencies": { "sass-embedded-android-arm": "1.86.0", "sass-embedded-android-arm64": "1.86.0", "sass-embedded-android-ia32": "1.86.0", "sass-embedded-android-riscv64": "1.86.0", "sass-embedded-android-x64": "1.86.0", "sass-embedded-darwin-arm64": "1.86.0", "sass-embedded-darwin-x64": "1.86.0", "sass-embedded-linux-arm": "1.86.0", "sass-embedded-linux-arm64": "1.86.0", "sass-embedded-linux-ia32": "1.86.0", "sass-embedded-linux-musl-arm": "1.86.0", "sass-embedded-linux-musl-arm64": "1.86.0", "sass-embedded-linux-musl-ia32": "1.86.0", "sass-embedded-linux-musl-riscv64": "1.86.0", "sass-embedded-linux-musl-x64": "1.86.0", "sass-embedded-linux-riscv64": "1.86.0", "sass-embedded-linux-x64": "1.86.0", "sass-embedded-win32-arm64": "1.86.0", "sass-embedded-win32-ia32": "1.86.0", "sass-embedded-win32-x64": "1.86.0" }, "bin": { "sass": "dist/bin/sass.js" } }, "sha512-Ibq5DzxjSf9f/IJmKeHVeXlVqiZWdRJF+RXy6v6UupvMYVMU5Ei+teSFBvvpPD5bB2QhhnU/OJlSM0EBCtfr9g=="],

    "sass-embedded-android-arm": ["sass-embedded-android-arm@1.86.0", "https://repo.huaweicloud.com/repository/npm/sass-embedded-android-arm/-/sass-embedded-android-arm-1.86.0.tgz", { "os": "android", "cpu": "arm" }, "sha512-NS8v6BCbzskXUMBtzfuB+j2yQMgiwg5edKHTYfQU7gAWai2hkRhS06YNEMff3aRxV0IFInxPRHOobd8xWPHqeA=="],

    "sass-embedded-android-arm64": ["sass-embedded-android-arm64@1.86.0", "https://repo.huaweicloud.com/repository/npm/sass-embedded-android-arm64/-/sass-embedded-android-arm64-1.86.0.tgz", { "os": "android", "cpu": "arm64" }, "sha512-r7MZtlAI2VFUnKE8B5UOrpoE6OGpdf1dIB6ndoxb3oiURgMyfTVU7yvJcL12GGvtVwQ2boCj6dq//Lqq9CXPlQ=="],

    "sass-embedded-android-ia32": ["sass-embedded-android-ia32@1.86.0", "https://repo.huaweicloud.com/repository/npm/sass-embedded-android-ia32/-/sass-embedded-android-ia32-1.86.0.tgz", { "os": "android", "cpu": "ia32" }, "sha512-UjfElrGaOTNOnxLZLxf6MFndFIe7zyK+81f83BioZ7/jcoAd6iCHZT8yQMvu8wINyVodPcaXZl8KxlKcl62VAA=="],

    "sass-embedded-android-riscv64": ["sass-embedded-android-riscv64@1.86.0", "https://repo.huaweicloud.com/repository/npm/sass-embedded-android-riscv64/-/sass-embedded-android-riscv64-1.86.0.tgz", { "os": "android", "cpu": "none" }, "sha512-TsqCLxHWLFS2mbpUkL/nge3jSkaPK2VmLkkoi5iO/EQT4SFvm1lNUgPwlLXu9DplZ+aqGVzRS9Y6Psjv+qW7kw=="],

    "sass-embedded-android-x64": ["sass-embedded-android-x64@1.86.0", "https://repo.huaweicloud.com/repository/npm/sass-embedded-android-x64/-/sass-embedded-android-x64-1.86.0.tgz", { "os": "android", "cpu": "x64" }, "sha512-8Q263GgwGjz7Jkf7Eghp7NrwqskDL95WO9sKrNm9iOd2re/M48W7RN/lpdcZwrUnEOhueks0RRyYyZYBNRz8Tg=="],

    "sass-embedded-darwin-arm64": ["sass-embedded-darwin-arm64@1.86.0", "https://repo.huaweicloud.com/repository/npm/sass-embedded-darwin-arm64/-/sass-embedded-darwin-arm64-1.86.0.tgz", { "os": "darwin", "cpu": "arm64" }, "sha512-d8oMEaIweq1tjrb/BT43igDviOMS1TeDpc51QF7vAHkt9drSjPmqEmbqStdFYPAGZj1j0RA4WCRoVl6jVixi/w=="],

    "sass-embedded-darwin-x64": ["sass-embedded-darwin-x64@1.86.0", "https://repo.huaweicloud.com/repository/npm/sass-embedded-darwin-x64/-/sass-embedded-darwin-x64-1.86.0.tgz", { "os": "darwin", "cpu": "x64" }, "sha512-5NLRtn0ZUDBkfpKOsgLGl9B34po4Qui8Nff/lXTO+YkxBQFX4GoMkYNk9EJqHwoLLzICsxIhNDMMDiPGz7Fdrw=="],

    "sass-embedded-linux-arm": ["sass-embedded-linux-arm@1.86.0", "https://repo.huaweicloud.com/repository/npm/sass-embedded-linux-arm/-/sass-embedded-linux-arm-1.86.0.tgz", { "os": "linux", "cpu": "arm" }, "sha512-b6wm0+Il+blJDleRXAqA6JISGMjRb0/thTEg4NWgmiJwUoZjDycj5FTbfYPnLXjCEIMGaYmW3patrJ3JMJcT3Q=="],

    "sass-embedded-linux-arm64": ["sass-embedded-linux-arm64@1.86.0", "https://repo.huaweicloud.com/repository/npm/sass-embedded-linux-arm64/-/sass-embedded-linux-arm64-1.86.0.tgz", { "os": "linux", "cpu": "arm64" }, "sha512-50A+0rhahRDRkKkv+qS7GDAAkW1VPm2RCX4zY4JWydhV4NwMXr6HbkLnsJ2MGixCyibPh59iflMpNBhe7SEMNg=="],

    "sass-embedded-linux-ia32": ["sass-embedded-linux-ia32@1.86.0", "https://repo.huaweicloud.com/repository/npm/sass-embedded-linux-ia32/-/sass-embedded-linux-ia32-1.86.0.tgz", { "os": "linux", "cpu": "ia32" }, "sha512-h0mr9w71TV3BRPk9JHr0flnRCznhkraY14gaj5T+t78vUFByOUMxp4hTr+JpZAR5mv0mIeoMwrQYwWJoqKI0mw=="],

    "sass-embedded-linux-musl-arm": ["sass-embedded-linux-musl-arm@1.86.0", "https://repo.huaweicloud.com/repository/npm/sass-embedded-linux-musl-arm/-/sass-embedded-linux-musl-arm-1.86.0.tgz", { "os": "linux", "cpu": "arm" }, "sha512-KZU70jBMVykC9HzS+o2FhrJaprFLDk3LWXVPtBFxgLlkcQ/apCkUCh2WVNViLhI2U4NrMSnTvd4kDnC/0m8qIw=="],

    "sass-embedded-linux-musl-arm64": ["sass-embedded-linux-musl-arm64@1.86.0", "https://repo.huaweicloud.com/repository/npm/sass-embedded-linux-musl-arm64/-/sass-embedded-linux-musl-arm64-1.86.0.tgz", { "os": "linux", "cpu": "arm64" }, "sha512-5OZjiJIUyhvKJIGNDEjyRUWDe+W91hq4Bji27sy8gdEuDzPWLx4NzwpKwsBUALUfyW/J5dxgi0ZAQnI3HieyQg=="],

    "sass-embedded-linux-musl-ia32": ["sass-embedded-linux-musl-ia32@1.86.0", "https://repo.huaweicloud.com/repository/npm/sass-embedded-linux-musl-ia32/-/sass-embedded-linux-musl-ia32-1.86.0.tgz", { "os": "linux", "cpu": "ia32" }, "sha512-vq9wJ7kaELrsNU6Ld6kvrIHxoIUWaD+5T6TQVj4SJP/iw1NjonyCDMQGGs6UgsIEzvaIwtlSlDbRewAq+4PchA=="],

    "sass-embedded-linux-musl-riscv64": ["sass-embedded-linux-musl-riscv64@1.86.0", "https://repo.huaweicloud.com/repository/npm/sass-embedded-linux-musl-riscv64/-/sass-embedded-linux-musl-riscv64-1.86.0.tgz", { "os": "linux", "cpu": "none" }, "sha512-UZJPu4zKe3phEzoSVRh5jcSicBBPe+jEbVNALHSSz881iOAYnDQXHITGeQ4mM1/7e/LTyryHk6EPBoaLOv6JrA=="],

    "sass-embedded-linux-musl-x64": ["sass-embedded-linux-musl-x64@1.86.0", "https://repo.huaweicloud.com/repository/npm/sass-embedded-linux-musl-x64/-/sass-embedded-linux-musl-x64-1.86.0.tgz", { "os": "linux", "cpu": "x64" }, "sha512-8taAgbWMk4QHneJcouWmWZJlmKa2O03g4I/CFo4bfMPL87bibY90pAsSDd+C+t81g0+2aK0/lY/BoB0r3qXLiA=="],

    "sass-embedded-linux-riscv64": ["sass-embedded-linux-riscv64@1.86.0", "https://repo.huaweicloud.com/repository/npm/sass-embedded-linux-riscv64/-/sass-embedded-linux-riscv64-1.86.0.tgz", { "os": "linux", "cpu": "none" }, "sha512-yREY6o2sLwiiA03MWHVpnUliLscz0flEmFW/wzxYZJDqg9eZteB3hUWgZD63eLm2PTZsYxDQpjAHpa48nnIEmA=="],

    "sass-embedded-linux-x64": ["sass-embedded-linux-x64@1.86.0", "https://repo.huaweicloud.com/repository/npm/sass-embedded-linux-x64/-/sass-embedded-linux-x64-1.86.0.tgz", { "os": "linux", "cpu": "x64" }, "sha512-sH0F8np9PTgTbFcJWxfr1NzPkL5ID2NcpMtZyKPTdnn9NkE/L2UwXSo6xOvY0Duc4Hg+58wSrDnj6KbvdeHCPg=="],

    "sass-embedded-win32-arm64": ["sass-embedded-win32-arm64@1.86.0", "https://repo.huaweicloud.com/repository/npm/sass-embedded-win32-arm64/-/sass-embedded-win32-arm64-1.86.0.tgz", { "os": "win32", "cpu": "arm64" }, "sha512-4O1XVUxLTIjMOvrziYwEZgvFqC5sF6t0hTAPJ+h2uiAUZg9Joo0PvuEedXurjISgDBsb5W5DTL9hH9q1BbP4cQ=="],

    "sass-embedded-win32-ia32": ["sass-embedded-win32-ia32@1.86.0", "https://repo.huaweicloud.com/repository/npm/sass-embedded-win32-ia32/-/sass-embedded-win32-ia32-1.86.0.tgz", { "os": "win32", "cpu": "ia32" }, "sha512-zuSP2axkGm4VaJWt38P464H+4424Swr9bzFNfbbznxe3Ue4RuqSBqwiLiYdg9Q1cecTQ2WGH7G7WO56KK7WLwg=="],

    "sass-embedded-win32-x64": ["sass-embedded-win32-x64@1.86.0", "https://repo.huaweicloud.com/repository/npm/sass-embedded-win32-x64/-/sass-embedded-win32-x64-1.86.0.tgz", { "os": "win32", "cpu": "x64" }, "sha512-GVX0CHtukr3kjqfqretSlPiJzV7V4JxUjpRZV+yC9gUMTiDErilJh2Chw1r0+MYiYvumCDUSDlticmvJs7v0tA=="],

    "source-map-js": ["source-map-js@1.2.1", "https://repo.huaweicloud.com/repository/npm/source-map-js/-/source-map-js-1.2.1.tgz", {}, "sha512-UXWMKhLOwVKb728IUtQPXxfYU+usdybtUrK/8uGE8CQMvrhOpwvzDBwj0QhSL7MQc7vIsISBG8VQ8+IDQxpfQA=="],

    "supports-color": ["supports-color@8.1.1", "https://repo.huaweicloud.com/repository/npm/supports-color/-/supports-color-8.1.1.tgz", { "dependencies": { "has-flag": "^4.0.0" } }, "sha512-MpUEN2OodtUzxvKQl72cUF7RQ5EiHsGvSsVG0ia9c5RbWGL2CI4C7EpPS8UTBIplnlzZiNuV56w+FuNxy3ty2Q=="],

    "sync-child-process": ["sync-child-process@1.0.2", "https://repo.huaweicloud.com/repository/npm/sync-child-process/-/sync-child-process-1.0.2.tgz", { "dependencies": { "sync-message-port": "^1.0.0" } }, "sha512-8lD+t2KrrScJ/7KXCSyfhT3/hRq78rC0wBFqNJXv3mZyn6hW2ypM05JmlSvtqRbeq6jqA94oHbxAr2vYsJ8vDA=="],

    "sync-message-port": ["sync-message-port@1.1.3", "https://repo.huaweicloud.com/repository/npm/sync-message-port/-/sync-message-port-1.1.3.tgz", {}, "sha512-GTt8rSKje5FilG+wEdfCkOcLL7LWqpMlr2c3LRuKt/YXxcJ52aGSbGBAdI4L3aaqfrBt6y711El53ItyH1NWzg=="],

    "tslib": ["tslib@2.8.1", "https://repo.huaweicloud.com/repository/npm/tslib/-/tslib-2.8.1.tgz", {}, "sha512-oJFu94HQb+KVduSUQL7wnpmqnfmLsOA/nAh6b6EH0wCEoK0/mPeXU6c3wKDV83MkOuHPRHtSXKKU99IBazS/2w=="],

    "varint": ["varint@6.0.0", "https://repo.huaweicloud.com/repository/npm/varint/-/varint-6.0.0.tgz", {}, "sha512-cXEIW6cfr15lFv563k4GuVuW/fiwjknytD37jIOLSdSWuOI6WnO/oKwmP2FQTU2l01LP8/M5TSAJpzUaGe3uWg=="],
  }
}
